
Microsoft Visual Studio Solution File, Format Version 12.00
# Visual Studio Version 16
VisualStudioVersion = 16.0.31410.357
MinimumVisualStudioVersion = 10.0.40219.1
Project("{FAE04EC0-301F-11D3-BF4B-00C04F79EFBC}") = "FastKing", "FastKing\FastKing.csproj", "{5389E854-0CE1-4179-9956-D867A1914524}"
EndProject
Global
	GlobalSection(SolutionConfigurationPlatforms) = preSolution
		Debug|Any CPU = Debug|Any CPU
		Release|Any CPU = Release|Any CPU
	EndGlobalSection
	GlobalSection(ProjectConfigurationPlatforms) = postSolution
		{5389E854-0CE1-4179-9956-D867A1914524}.Debug|Any CPU.ActiveCfg = Debug|Any CPU
		{5389E854-0CE1-4179-9956-D867A1914524}.Debug|Any CPU.Build.0 = Debug|Any CPU
		{5389E854-0CE1-4179-9956-D867A1914524}.Release|Any CPU.ActiveCfg = Release|Any CPU
		{5389E854-0CE1-4179-9956-D867A1914524}.Release|Any CPU.Build.0 = Release|Any CPU
	EndGlobalSection
	GlobalSection(SolutionProperties) = preSolution
		HideSolutionNode = FALSE
	EndGlobalSection
	GlobalSection(ExtensibilityGlobals) = postSolution
		SolutionGuid = {06E3D305-9525-48B1-8C78-419C1CD62E6E}
	EndGlobalSection
EndGlobal
